// !$*UTF8*$!
{
	archiveVersion = 1;
	classes = {
	};
	objectVersion = 48;
	objects = {

/* Begin PBXBuildFile section */
		0EBF3267213641DB0074B1FA /* WXStringToolTests.m in Sources */ = {isa = PBXBuildFile; fileRef = 0EBF3266213641DB0074B1FA /* WXStringToolTests.m */; };
		0EC1561F213E7FD200B40A73 /* WXCommonTool.m in Sources */ = {isa = PBXBuildFile; fileRef = 0EC1561E213E7FD200B40A73 /* WXCommonTool.m */; };
		0EC1562A213E813B00B40A73 /* NSString+RegexCategory.m in Sources */ = {isa = PBXBuildFile; fileRef = 0EC15622213E813A00B40A73 /* NSString+RegexCategory.m */; };
		0EC1562B213E813B00B40A73 /* NSString+Empty.m in Sources */ = {isa = PBXBuildFile; fileRef = 0EC15624213E813A00B40A73 /* NSString+Empty.m */; };
		0EC1562C213E813B00B40A73 /* UIImage+DHXRadius.m in Sources */ = {isa = PBXBuildFile; fileRef = 0EC15626213E813B00B40A73 /* UIImage+DHXRadius.m */; };
		0EC1562D213E813B00B40A73 /* NSString+UrlParameter.m in Sources */ = {isa = PBXBuildFile; fileRef = 0EC15627213E813B00B40A73 /* NSString+UrlParameter.m */; };
		0EC1562E213E813B00B40A73 /* UIColor+HexColor.m in Sources */ = {isa = PBXBuildFile; fileRef = 0EC15628213E813B00B40A73 /* UIColor+HexColor.m */; };
		0ECA3D24216B76180000A940 /* WXUIManager.m in Sources */ = {isa = PBXBuildFile; fileRef = 0ECA3D23216B76180000A940 /* WXUIManager.m */; };
		BFAC62B820A1D1FB002E05B5 /* AppDelegate.m in Sources */ = {isa = PBXBuildFile; fileRef = BFAC62B720A1D1FB002E05B5 /* AppDelegate.m */; };
		BFAC62BB20A1D1FB002E05B5 /* ViewController.m in Sources */ = {isa = PBXBuildFile; fileRef = BFAC62BA20A1D1FB002E05B5 /* ViewController.m */; };
		BFAC62BE20A1D1FB002E05B5 /* Main.storyboard in Resources */ = {isa = PBXBuildFile; fileRef = BFAC62BC20A1D1FB002E05B5 /* Main.storyboard */; };
		BFAC62C020A1D1FB002E05B5 /* Assets.xcassets in Resources */ = {isa = PBXBuildFile; fileRef = BFAC62BF20A1D1FB002E05B5 /* Assets.xcassets */; };
		BFAC62C320A1D1FB002E05B5 /* LaunchScreen.storyboard in Resources */ = {isa = PBXBuildFile; fileRef = BFAC62C120A1D1FB002E05B5 /* LaunchScreen.storyboard */; };
		BFAC62C620A1D1FB002E05B5 /* main.m in Sources */ = {isa = PBXBuildFile; fileRef = BFAC62C520A1D1FB002E05B5 /* main.m */; };
		BFAC62D020A1D1FB002E05B5 /* WXUniversalToolsTests.m in Sources */ = {isa = PBXBuildFile; fileRef = BFAC62CF20A1D1FB002E05B5 /* WXUniversalToolsTests.m */; };
		BFAC62DB20A1D1FB002E05B5 /* WXUniversalToolsUITests.m in Sources */ = {isa = PBXBuildFile; fileRef = BFAC62DA20A1D1FB002E05B5 /* WXUniversalToolsUITests.m */; };
		CB33E27B20AE7A8D00CEF3C1 /* HUD_JW_error@2x.png in Resources */ = {isa = PBXBuildFile; fileRef = CB33E27320AE7A8D00CEF3C1 /* HUD_JW_error@2x.png */; };
		CB33E27C20AE7A8D00CEF3C1 /* HUD_JW_error@3x.png in Resources */ = {isa = PBXBuildFile; fileRef = CB33E27420AE7A8D00CEF3C1 /* HUD_JW_error@3x.png */; };
		CB33E27D20AE7A8D00CEF3C1 /* HUD_JW_info@2x.png in Resources */ = {isa = PBXBuildFile; fileRef = CB33E27520AE7A8D00CEF3C1 /* HUD_JW_info@2x.png */; };
		CB33E27E20AE7A8D00CEF3C1 /* HUD_JW_info@3x.png in Resources */ = {isa = PBXBuildFile; fileRef = CB33E27620AE7A8D00CEF3C1 /* HUD_JW_info@3x.png */; };
		CB33E27F20AE7A8D00CEF3C1 /* HUD_JW_success@2x.png in Resources */ = {isa = PBXBuildFile; fileRef = CB33E27720AE7A8D00CEF3C1 /* HUD_JW_success@2x.png */; };
		CB33E28020AE7A8D00CEF3C1 /* HUD_JW_success@3x.png in Resources */ = {isa = PBXBuildFile; fileRef = CB33E27820AE7A8D00CEF3C1 /* HUD_JW_success@3x.png */; };
		CB33E28120AE7A8D00CEF3C1 /* MBProgressHUD+JW.m in Sources */ = {isa = PBXBuildFile; fileRef = CB33E27A20AE7A8D00CEF3C1 /* MBProgressHUD+JW.m */; };
		CBFC2F7F20A2E41A00B2C391 /* AppDelegate+JPush.m in Sources */ = {isa = PBXBuildFile; fileRef = CBFC2F6220A2E41900B2C391 /* AppDelegate+JPush.m */; };
		CBFC2F8020A2E41A00B2C391 /* JPushTool.m in Sources */ = {isa = PBXBuildFile; fileRef = CBFC2F6520A2E41900B2C391 /* JPushTool.m */; };
		CBFC2F8120A2E41A00B2C391 /* JShare_facebook@2x.png in Resources */ = {isa = PBXBuildFile; fileRef = CBFC2F6920A2E41900B2C391 /* JShare_facebook@2x.png */; };
		CBFC2F8220A2E41A00B2C391 /* JShare_facebook@3x.png in Resources */ = {isa = PBXBuildFile; fileRef = CBFC2F6A20A2E41900B2C391 /* JShare_facebook@3x.png */; };
		CBFC2F8320A2E41A00B2C391 /* JShare_messenger@2x.png in Resources */ = {isa = PBXBuildFile; fileRef = CBFC2F6B20A2E41900B2C391 /* JShare_messenger@2x.png */; };
		CBFC2F8420A2E41A00B2C391 /* JShare_messenger@3x.png in Resources */ = {isa = PBXBuildFile; fileRef = CBFC2F6C20A2E41900B2C391 /* JShare_messenger@3x.png */; };
		CBFC2F8520A2E41A00B2C391 /* JShare_qq@2x.png in Resources */ = {isa = PBXBuildFile; fileRef = CBFC2F6D20A2E41900B2C391 /* JShare_qq@2x.png */; };
		CBFC2F8620A2E41A00B2C391 /* JShare_qq@3x.png in Resources */ = {isa = PBXBuildFile; fileRef = CBFC2F6E20A2E41900B2C391 /* JShare_qq@3x.png */; };
		CBFC2F8720A2E41A00B2C391 /* JShare_qzone@2x.png in Resources */ = {isa = PBXBuildFile; fileRef = CBFC2F6F20A2E41900B2C391 /* JShare_qzone@2x.png */; };
		CBFC2F8820A2E41A00B2C391 /* JShare_qzone@3x.png in Resources */ = {isa = PBXBuildFile; fileRef = CBFC2F7020A2E41900B2C391 /* JShare_qzone@3x.png */; };
		CBFC2F8920A2E41A00B2C391 /* JShare_twitter@2x.png in Resources */ = {isa = PBXBuildFile; fileRef = CBFC2F7120A2E41900B2C391 /* JShare_twitter@2x.png */; };
		CBFC2F8A20A2E41A00B2C391 /* JShare_twitter@3x.png in Resources */ = {isa = PBXBuildFile; fileRef = CBFC2F7220A2E41900B2C391 /* JShare_twitter@3x.png */; };
		CBFC2F8B20A2E41A00B2C391 /* JShare_wechat@2x.png in Resources */ = {isa = PBXBuildFile; fileRef = CBFC2F7320A2E41900B2C391 /* JShare_wechat@2x.png */; };
		CBFC2F8C20A2E41A00B2C391 /* JShare_wechat@3x.png in Resources */ = {isa = PBXBuildFile; fileRef = CBFC2F7420A2E41900B2C391 /* JShare_wechat@3x.png */; };
		CBFC2F8D20A2E41A00B2C391 /* JShare_wechat_fav@2x.png in Resources */ = {isa = PBXBuildFile; fileRef = CBFC2F7520A2E41900B2C391 /* JShare_wechat_fav@2x.png */; };
		CBFC2F8E20A2E41A00B2C391 /* JShare_wechat_fav@3x.png in Resources */ = {isa = PBXBuildFile; fileRef = CBFC2F7620A2E41900B2C391 /* JShare_wechat_fav@3x.png */; };
		CBFC2F8F20A2E41A00B2C391 /* JShare_wechat_moment@2x.png in Resources */ = {isa = PBXBuildFile; fileRef = CBFC2F7720A2E41900B2C391 /* JShare_wechat_moment@2x.png */; };
		CBFC2F9020A2E41A00B2C391 /* JShare_wechat_moment@3x.png in Resources */ = {isa = PBXBuildFile; fileRef = CBFC2F7820A2E41900B2C391 /* JShare_wechat_moment@3x.png */; };
		CBFC2F9120A2E41A00B2C391 /* JShare_weibo@2x.png in Resources */ = {isa = PBXBuildFile; fileRef = CBFC2F7920A2E41900B2C391 /* JShare_weibo@2x.png */; };
		CBFC2F9220A2E41A00B2C391 /* JShare_weibo@3x.png in Resources */ = {isa = PBXBuildFile; fileRef = CBFC2F7A20A2E41900B2C391 /* JShare_weibo@3x.png */; };
		CBFC2F9320A2E41A00B2C391 /* JShareTool.m in Sources */ = {isa = PBXBuildFile; fileRef = CBFC2F7C20A2E41900B2C391 /* JShareTool.m */; };
		CBFC2F9420A2E41A00B2C391 /* ShareView.m in Sources */ = {isa = PBXBuildFile; fileRef = CBFC2F7E20A2E41900B2C391 /* ShareView.m */; };
		E5E3E53075AE4179C999930C /* libPods-WXUniversalTools.a in Frameworks */ = {isa = PBXBuildFile; fileRef = 6954086C790A9EF4CC1FBEB4 /* libPods-WXUniversalTools.a */; };
/* End PBXBuildFile section */

/* Begin PBXContainerItemProxy section */
		BFAC62CC20A1D1FB002E05B5 /* PBXContainerItemProxy */ = {
			isa = PBXContainerItemProxy;
			containerPortal = BFAC62AB20A1D1FB002E05B5 /* Project object */;
			proxyType = 1;
			remoteGlobalIDString = BFAC62B220A1D1FB002E05B5;
			remoteInfo = WXUniversalTools;
		};
		BFAC62D720A1D1FB002E05B5 /* PBXContainerItemProxy */ = {
			isa = PBXContainerItemProxy;
			containerPortal = BFAC62AB20A1D1FB002E05B5 /* Project object */;
			proxyType = 1;
			remoteGlobalIDString = BFAC62B220A1D1FB002E05B5;
			remoteInfo = WXUniversalTools;
		};
/* End PBXContainerItemProxy section */

/* Begin PBXFileReference section */
		0EBF3266213641DB0074B1FA /* WXStringToolTests.m */ = {isa = PBXFileReference; lastKnownFileType = sourcecode.c.objc; path = WXStringToolTests.m; sourceTree = "<group>"; };
		0EC1561D213E7FD200B40A73 /* WXCommonTool.h */ = {isa = PBXFileReference; lastKnownFileType = sourcecode.c.h; path = WXCommonTool.h; sourceTree = "<group>"; };
		0EC1561E213E7FD200B40A73 /* WXCommonTool.m */ = {isa = PBXFileReference; lastKnownFileType = sourcecode.c.objc; path = WXCommonTool.m; sourceTree = "<group>"; };
		0EC15620213E813A00B40A73 /* NSString+RegexCategory.h */ = {isa = PBXFileReference; fileEncoding = 4; lastKnownFileType = sourcecode.c.h; path = "NSString+RegexCategory.h"; sourceTree = "<group>"; };
		0EC15621213E813A00B40A73 /* NSString+Empty.h */ = {isa = PBXFileReference; fileEncoding = 4; lastKnownFileType = sourcecode.c.h; path = "NSString+Empty.h"; sourceTree = "<group>"; };
		0EC15622213E813A00B40A73 /* NSString+RegexCategory.m */ = {isa = PBXFileReference; fileEncoding = 4; lastKnownFileType = sourcecode.c.objc; path = "NSString+RegexCategory.m"; sourceTree = "<group>"; };
		0EC15623213E813A00B40A73 /* UIColor+HexColor.h */ = {isa = PBXFileReference; fileEncoding = 4; lastKnownFileType = sourcecode.c.h; path = "UIColor+HexColor.h"; sourceTree = "<group>"; };
		0EC15624213E813A00B40A73 /* NSString+Empty.m */ = {isa = PBXFileReference; fileEncoding = 4; lastKnownFileType = sourcecode.c.objc; path = "NSString+Empty.m"; sourceTree = "<group>"; };
		0EC15625213E813A00B40A73 /* NSString+UrlParameter.h */ = {isa = PBXFileReference; fileEncoding = 4; lastKnownFileType = sourcecode.c.h; path = "NSString+UrlParameter.h"; sourceTree = "<group>"; };
		0EC15626213E813B00B40A73 /* UIImage+DHXRadius.m */ = {isa = PBXFileReference; fileEncoding = 4; lastKnownFileType = sourcecode.c.objc; path = "UIImage+DHXRadius.m"; sourceTree = "<group>"; };
		0EC15627213E813B00B40A73 /* NSString+UrlParameter.m */ = {isa = PBXFileReference; fileEncoding = 4; lastKnownFileType = sourcecode.c.objc; path = "NSString+UrlParameter.m"; sourceTree = "<group>"; };
		0EC15628213E813B00B40A73 /* UIColor+HexColor.m */ = {isa = PBXFileReference; fileEncoding = 4; lastKnownFileType = sourcecode.c.objc; path = "UIColor+HexColor.m"; sourceTree = "<group>"; };
		0EC15629213E813B00B40A73 /* UIImage+DHXRadius.h */ = {isa = PBXFileReference; fileEncoding = 4; lastKnownFileType = sourcecode.c.h; path = "UIImage+DHXRadius.h"; sourceTree = "<group>"; };
		0ECA3D22216B76180000A940 /* WXUIManager.h */ = {isa = PBXFileReference; lastKnownFileType = sourcecode.c.h; path = WXUIManager.h; sourceTree = "<group>"; };
		0ECA3D23216B76180000A940 /* WXUIManager.m */ = {isa = PBXFileReference; lastKnownFileType = sourcecode.c.objc; path = WXUIManager.m; sourceTree = "<group>"; };
		1788DBD0833E73E9DB93F235 /* Pods-WXUniversalTools.debug.xcconfig */ = {isa = PBXFileReference; includeInIndex = 1; lastKnownFileType = text.xcconfig; name = "Pods-WXUniversalTools.debug.xcconfig"; path = "Pods/Target Support Files/Pods-WXUniversalTools/Pods-WXUniversalTools.debug.xcconfig"; sourceTree = "<group>"; };
		6954086C790A9EF4CC1FBEB4 /* libPods-WXUniversalTools.a */ = {isa = PBXFileReference; explicitFileType = archive.ar; includeInIndex = 0; path = "libPods-WXUniversalTools.a"; sourceTree = BUILT_PRODUCTS_DIR; };
		BFAC62B320A1D1FB002E05B5 /* WXUniversalTools.app */ = {isa = PBXFileReference; explicitFileType = wrapper.application; includeInIndex = 0; path = WXUniversalTools.app; sourceTree = BUILT_PRODUCTS_DIR; };
		BFAC62B620A1D1FB002E05B5 /* AppDelegate.h */ = {isa = PBXFileReference; lastKnownFileType = sourcecode.c.h; path = AppDelegate.h; sourceTree = "<group>"; };
		BFAC62B720A1D1FB002E05B5 /* AppDelegate.m */ = {isa = PBXFileReference; lastKnownFileType = sourcecode.c.objc; path = AppDelegate.m; sourceTree = "<group>"; };
		BFAC62B920A1D1FB002E05B5 /* ViewController.h */ = {isa = PBXFileReference; lastKnownFileType = sourcecode.c.h; path = ViewController.h; sourceTree = "<group>"; };
		BFAC62BA20A1D1FB002E05B5 /* ViewController.m */ = {isa = PBXFileReference; lastKnownFileType = sourcecode.c.objc; path = ViewController.m; sourceTree = "<group>"; };
		BFAC62BD20A1D1FB002E05B5 /* Base */ = {isa = PBXFileReference; lastKnownFileType = file.storyboard; name = Base; path = Base.lproj/Main.storyboard; sourceTree = "<group>"; };
		BFAC62BF20A1D1FB002E05B5 /* Assets.xcassets */ = {isa = PBXFileReference; lastKnownFileType = folder.assetcatalog; path = Assets.xcassets; sourceTree = "<group>"; };
		BFAC62C220A1D1FB002E05B5 /* Base */ = {isa = PBXFileReference; lastKnownFileType = file.storyboard; name = Base; path = Base.lproj/LaunchScreen.storyboard; sourceTree = "<group>"; };
		BFAC62C420A1D1FB002E05B5 /* Info.plist */ = {isa = PBXFileReference; lastKnownFileType = text.plist.xml; path = Info.plist; sourceTree = "<group>"; };
		BFAC62C520A1D1FB002E05B5 /* main.m */ = {isa = PBXFileReference; lastKnownFileType = sourcecode.c.objc; path = main.m; sourceTree = "<group>"; };
		BFAC62CB20A1D1FB002E05B5 /* WXUniversalToolsTests.xctest */ = {isa = PBXFileReference; explicitFileType = wrapper.cfbundle; includeInIndex = 0; path = WXUniversalToolsTests.xctest; sourceTree = BUILT_PRODUCTS_DIR; };
		BFAC62CF20A1D1FB002E05B5 /* WXUniversalToolsTests.m */ = {isa = PBXFileReference; lastKnownFileType = sourcecode.c.objc; path = WXUniversalToolsTests.m; sourceTree = "<group>"; };
		BFAC62D120A1D1FB002E05B5 /* Info.plist */ = {isa = PBXFileReference; lastKnownFileType = text.plist.xml; path = Info.plist; sourceTree = "<group>"; };
		BFAC62D620A1D1FB002E05B5 /* WXUniversalToolsUITests.xctest */ = {isa = PBXFileReference; explicitFileType = wrapper.cfbundle; includeInIndex = 0; path = WXUniversalToolsUITests.xctest; sourceTree = BUILT_PRODUCTS_DIR; };
		BFAC62DA20A1D1FB002E05B5 /* WXUniversalToolsUITests.m */ = {isa = PBXFileReference; lastKnownFileType = sourcecode.c.objc; path = WXUniversalToolsUITests.m; sourceTree = "<group>"; };
		BFAC62DC20A1D1FB002E05B5 /* Info.plist */ = {isa = PBXFileReference; lastKnownFileType = text.plist.xml; path = Info.plist; sourceTree = "<group>"; };
		C5ECBA690A69FC2CFC53DF0F /* Pods-WXUniversalTools.release.xcconfig */ = {isa = PBXFileReference; includeInIndex = 1; lastKnownFileType = text.xcconfig; name = "Pods-WXUniversalTools.release.xcconfig"; path = "Pods/Target Support Files/Pods-WXUniversalTools/Pods-WXUniversalTools.release.xcconfig"; sourceTree = "<group>"; };
		CB33E27320AE7A8D00CEF3C1 /* HUD_JW_error@2x.png */ = {isa = PBXFileReference; lastKnownFileType = image.png; path = "HUD_JW_error@2x.png"; sourceTree = "<group>"; };
		CB33E27420AE7A8D00CEF3C1 /* HUD_JW_error@3x.png */ = {isa = PBXFileReference; lastKnownFileType = image.png; path = "HUD_JW_error@3x.png"; sourceTree = "<group>"; };
		CB33E27520AE7A8D00CEF3C1 /* HUD_JW_info@2x.png */ = {isa = PBXFileReference; lastKnownFileType = image.png; path = "HUD_JW_info@2x.png"; sourceTree = "<group>"; };
		CB33E27620AE7A8D00CEF3C1 /* HUD_JW_info@3x.png */ = {isa = PBXFileReference; lastKnownFileType = image.png; path = "HUD_JW_info@3x.png"; sourceTree = "<group>"; };
		CB33E27720AE7A8D00CEF3C1 /* HUD_JW_success@2x.png */ = {isa = PBXFileReference; lastKnownFileType = image.png; path = "HUD_JW_success@2x.png"; sourceTree = "<group>"; };
		CB33E27820AE7A8D00CEF3C1 /* HUD_JW_success@3x.png */ = {isa = PBXFileReference; lastKnownFileType = image.png; path = "HUD_JW_success@3x.png"; sourceTree = "<group>"; };
		CB33E27920AE7A8D00CEF3C1 /* MBProgressHUD+JW.h */ = {isa = PBXFileReference; fileEncoding = 4; lastKnownFileType = sourcecode.c.h; path = "MBProgressHUD+JW.h"; sourceTree = "<group>"; };
		CB33E27A20AE7A8D00CEF3C1 /* MBProgressHUD+JW.m */ = {isa = PBXFileReference; fileEncoding = 4; lastKnownFileType = sourcecode.c.objc; path = "MBProgressHUD+JW.m"; sourceTree = "<group>"; };
		CBFC2F6120A2E41900B2C391 /* AppDelegate+JPush.h */ = {isa = PBXFileReference; fileEncoding = 4; lastKnownFileType = sourcecode.c.h; path = "AppDelegate+JPush.h"; sourceTree = "<group>"; };
		CBFC2F6220A2E41900B2C391 /* AppDelegate+JPush.m */ = {isa = PBXFileReference; fileEncoding = 4; lastKnownFileType = sourcecode.c.objc; path = "AppDelegate+JPush.m"; sourceTree = "<group>"; };
		CBFC2F6320A2E41900B2C391 /* JPushConst.h */ = {isa = PBXFileReference; fileEncoding = 4; lastKnownFileType = sourcecode.c.h; path = JPushConst.h; sourceTree = "<group>"; };
		CBFC2F6420A2E41900B2C391 /* JPushTool.h */ = {isa = PBXFileReference; fileEncoding = 4; lastKnownFileType = sourcecode.c.h; path = JPushTool.h; sourceTree = "<group>"; };
		CBFC2F6520A2E41900B2C391 /* JPushTool.m */ = {isa = PBXFileReference; fileEncoding = 4; lastKnownFileType = sourcecode.c.objc; path = JPushTool.m; sourceTree = "<group>"; };
		CBFC2F6720A2E41900B2C391 /* JShareConst.h */ = {isa = PBXFileReference; fileEncoding = 4; lastKnownFileType = sourcecode.c.h; path = JShareConst.h; sourceTree = "<group>"; };
		CBFC2F6920A2E41900B2C391 /* JShare_facebook@2x.png */ = {isa = PBXFileReference; lastKnownFileType = image.png; path = "JShare_facebook@2x.png"; sourceTree = "<group>"; };
		CBFC2F6A20A2E41900B2C391 /* JShare_facebook@3x.png */ = {isa = PBXFileReference; lastKnownFileType = image.png; path = "JShare_facebook@3x.png"; sourceTree = "<group>"; };
		CBFC2F6B20A2E41900B2C391 /* JShare_messenger@2x.png */ = {isa = PBXFileReference; lastKnownFileType = image.png; path = "JShare_messenger@2x.png"; sourceTree = "<group>"; };
		CBFC2F6C20A2E41900B2C391 /* JShare_messenger@3x.png */ = {isa = PBXFileReference; lastKnownFileType = image.png; path = "JShare_messenger@3x.png"; sourceTree = "<group>"; };
		CBFC2F6D20A2E41900B2C391 /* JShare_qq@2x.png */ = {isa = PBXFileReference; lastKnownFileType = image.png; path = "JShare_qq@2x.png"; sourceTree = "<group>"; };
		CBFC2F6E20A2E41900B2C391 /* JShare_qq@3x.png */ = {isa = PBXFileReference; lastKnownFileType = image.png; path = "JShare_qq@3x.png"; sourceTree = "<group>"; };
		CBFC2F6F20A2E41900B2C391 /* JShare_qzone@2x.png */ = {isa = PBXFileReference; lastKnownFileType = image.png; path = "JShare_qzone@2x.png"; sourceTree = "<group>"; };
		CBFC2F7020A2E41900B2C391 /* JShare_qzone@3x.png */ = {isa = PBXFileReference; lastKnownFileType = image.png; path = "JShare_qzone@3x.png"; sourceTree = "<group>"; };
		CBFC2F7120A2E41900B2C391 /* JShare_twitter@2x.png */ = {isa = PBXFileReference; lastKnownFileType = image.png; path = "JShare_twitter@2x.png"; sourceTree = "<group>"; };
		CBFC2F7220A2E41900B2C391 /* JShare_twitter@3x.png */ = {isa = PBXFileReference; lastKnownFileType = image.png; path = "JShare_twitter@3x.png"; sourceTree = "<group>"; };
		CBFC2F7320A2E41900B2C391 /* JShare_wechat@2x.png */ = {isa = PBXFileReference; lastKnownFileType = image.png; path = "JShare_wechat@2x.png"; sourceTree = "<group>"; };
		CBFC2F7420A2E41900B2C391 /* JShare_wechat@3x.png */ = {isa = PBXFileReference; lastKnownFileType = image.png; path = "JShare_wechat@3x.png"; sourceTree = "<group>"; };
		CBFC2F7520A2E41900B2C391 /* JShare_wechat_fav@2x.png */ = {isa = PBXFileReference; lastKnownFileType = image.png; path = "JShare_wechat_fav@2x.png"; sourceTree = "<group>"; };
		CBFC2F7620A2E41900B2C391 /* JShare_wechat_fav@3x.png */ = {isa = PBXFileReference; lastKnownFileType = image.png; path = "JShare_wechat_fav@3x.png"; sourceTree = "<group>"; };
		CBFC2F7720A2E41900B2C391 /* JShare_wechat_moment@2x.png */ = {isa = PBXFileReference; lastKnownFileType = image.png; path = "JShare_wechat_moment@2x.png"; sourceTree = "<group>"; };
		CBFC2F7820A2E41900B2C391 /* JShare_wechat_moment@3x.png */ = {isa = PBXFileReference; lastKnownFileType = image.png; path = "JShare_wechat_moment@3x.png"; sourceTree = "<group>"; };
		CBFC2F7920A2E41900B2C391 /* JShare_weibo@2x.png */ = {isa = PBXFileReference; lastKnownFileType = image.png; path = "JShare_weibo@2x.png"; sourceTree = "<group>"; };
		CBFC2F7A20A2E41900B2C391 /* JShare_weibo@3x.png */ = {isa = PBXFileReference; lastKnownFileType = image.png; path = "JShare_weibo@3x.png"; sourceTree = "<group>"; };
		CBFC2F7B20A2E41900B2C391 /* JShareTool.h */ = {isa = PBXFileReference; fileEncoding = 4; lastKnownFileType = sourcecode.c.h; path = JShareTool.h; sourceTree = "<group>"; };
		CBFC2F7C20A2E41900B2C391 /* JShareTool.m */ = {isa = PBXFileReference; fileEncoding = 4; lastKnownFileType = sourcecode.c.objc; path = JShareTool.m; sourceTree = "<group>"; };
		CBFC2F7D20A2E41900B2C391 /* ShareView.h */ = {isa = PBXFileReference; fileEncoding = 4; lastKnownFileType = sourcecode.c.h; path = ShareView.h; sourceTree = "<group>"; };
		CBFC2F7E20A2E41900B2C391 /* ShareView.m */ = {isa = PBXFileReference; fileEncoding = 4; lastKnownFileType = sourcecode.c.objc; path = ShareView.m; sourceTree = "<group>"; };
/* End PBXFileReference section */

/* Begin PBXFrameworksBuildPhase section */
		BFAC62B020A1D1FB002E05B5 /* Frameworks */ = {
			isa = PBXFrameworksBuildPhase;
			buildActionMask = 2147483647;
			files = (
				E5E3E53075AE4179C999930C /* libPods-WXUniversalTools.a in Frameworks */,
			);
			runOnlyForDeploymentPostprocessing = 0;
		};
		BFAC62C820A1D1FB002E05B5 /* Frameworks */ = {
			isa = PBXFrameworksBuildPhase;
			buildActionMask = 2147483647;
			files = (
			);
			runOnlyForDeploymentPostprocessing = 0;
		};
		BFAC62D320A1D1FB002E05B5 /* Frameworks */ = {
			isa = PBXFrameworksBuildPhase;
			buildActionMask = 2147483647;
			files = (
			);
			runOnlyForDeploymentPostprocessing = 0;
		};
/* End PBXFrameworksBuildPhase section */

/* Begin PBXGroup section */
		07A87616369434BDAFDB98F5 /* Frameworks */ = {
			isa = PBXGroup;
			children = (
				6954086C790A9EF4CC1FBEB4 /* libPods-WXUniversalTools.a */,
			);
			name = Frameworks;
			sourceTree = "<group>";
		};
		0EC1561C213E7FB200B40A73 /* CommonTool */ = {
			isa = PBXGroup;
			children = (
				0EC1561D213E7FD200B40A73 /* WXCommonTool.h */,
				0EC1561E213E7FD200B40A73 /* WXCommonTool.m */,
				0ECA3D22216B76180000A940 /* WXUIManager.h */,
				0ECA3D23216B76180000A940 /* WXUIManager.m */,
			);
			path = CommonTool;
			sourceTree = "<group>";
		};
		94AF85E9C21A75EC95D65A31 /* Pods */ = {
			isa = PBXGroup;
			children = (
				1788DBD0833E73E9DB93F235 /* Pods-WXUniversalTools.debug.xcconfig */,
				C5ECBA690A69FC2CFC53DF0F /* Pods-WXUniversalTools.release.xcconfig */,
			);
			name = Pods;
			sourceTree = "<group>";
		};
		BFAC62AA20A1D1FB002E05B5 = {
			isa = PBXGroup;
			children = (
				BFAC62B520A1D1FB002E05B5 /* WXUniversalTools */,
				BFAC62CE20A1D1FB002E05B5 /* WXUniversalToolsTests */,
				BFAC62D920A1D1FB002E05B5 /* WXUniversalToolsUITests */,
				BFAC62B420A1D1FB002E05B5 /* Products */,
				94AF85E9C21A75EC95D65A31 /* Pods */,
				07A87616369434BDAFDB98F5 /* Frameworks */,
			);
			sourceTree = "<group>";
		};
		BFAC62B420A1D1FB002E05B5 /* Products */ = {
			isa = PBXGroup;
			children = (
				BFAC62B320A1D1FB002E05B5 /* WXUniversalTools.app */,
				BFAC62CB20A1D1FB002E05B5 /* WXUniversalToolsTests.xctest */,
				BFAC62D620A1D1FB002E05B5 /* WXUniversalToolsUITests.xctest */,
			);
			name = Products;
			sourceTree = "<group>";
		};
		BFAC62B520A1D1FB002E05B5 /* WXUniversalTools */ = {
			isa = PBXGroup;
			children = (
				BFAC62E820A1D422002E05B5 /* Classes */,
				BFAC62B620A1D1FB002E05B5 /* AppDelegate.h */,
				BFAC62B720A1D1FB002E05B5 /* AppDelegate.m */,
				BFAC62B920A1D1FB002E05B5 /* ViewController.h */,
				BFAC62BA20A1D1FB002E05B5 /* ViewController.m */,
				BFAC62BC20A1D1FB002E05B5 /* Main.storyboard */,
				BFAC62BF20A1D1FB002E05B5 /* Assets.xcassets */,
				BFAC62C120A1D1FB002E05B5 /* LaunchScreen.storyboard */,
				BFAC62C420A1D1FB002E05B5 /* Info.plist */,
				BFAC62C520A1D1FB002E05B5 /* main.m */,
			);
			path = WXUniversalTools;
			sourceTree = "<group>";
		};
		BFAC62CE20A1D1FB002E05B5 /* WXUniversalToolsTests */ = {
			isa = PBXGroup;
			children = (
				BFAC62CF20A1D1FB002E05B5 /* WXUniversalToolsTests.m */,
				0EBF3266213641DB0074B1FA /* WXStringToolTests.m */,
				BFAC62D120A1D1FB002E05B5 /* Info.plist */,
			);
			path = WXUniversalToolsTests;
			sourceTree = "<group>";
		};
		BFAC62D920A1D1FB002E05B5 /* WXUniversalToolsUITests */ = {
			isa = PBXGroup;
			children = (
				BFAC62DA20A1D1FB002E05B5 /* WXUniversalToolsUITests.m */,
				BFAC62DC20A1D1FB002E05B5 /* Info.plist */,
			);
			path = WXUniversalToolsUITests;
			sourceTree = "<group>";
		};
		BFAC62E820A1D422002E05B5 /* Classes */ = {
			isa = PBXGroup;
			children = (
				CBFC2FCC20A9853500B2C391 /* Category */,
				0EC1561C213E7FB200B40A73 /* CommonTool */,
				CBFC2F5E20A2E32500B2C391 /* VendorTool */,
			);
			path = Classes;
			sourceTree = "<group>";
		};
		CB33E27120AE7A8D00CEF3C1 /* HUD_Category */ = {
			isa = PBXGroup;
			children = (
				CB33E27220AE7A8D00CEF3C1 /* HUD_images */,
				CB33E27920AE7A8D00CEF3C1 /* MBProgressHUD+JW.h */,
				CB33E27A20AE7A8D00CEF3C1 /* MBProgressHUD+JW.m */,
			);
			path = HUD_Category;
			sourceTree = "<group>";
		};
		CB33E27220AE7A8D00CEF3C1 /* HUD_images */ = {
			isa = PBXGroup;
			children = (
				CB33E27320AE7A8D00CEF3C1 /* HUD_JW_error@2x.png */,
				CB33E27420AE7A8D00CEF3C1 /* HUD_JW_error@3x.png */,
				CB33E27520AE7A8D00CEF3C1 /* HUD_JW_info@2x.png */,
				CB33E27620AE7A8D00CEF3C1 /* HUD_JW_info@3x.png */,
				CB33E27720AE7A8D00CEF3C1 /* HUD_JW_success@2x.png */,
				CB33E27820AE7A8D00CEF3C1 /* HUD_JW_success@3x.png */,
			);
			path = HUD_images;
			sourceTree = "<group>";
		};
		CBFC2F5E20A2E32500B2C391 /* VendorTool */ = {
			isa = PBXGroup;
			children = (
				CBFC2F5F20A2E41900B2C391 /* JTools */,
			);
			path = VendorTool;
			sourceTree = "<group>";
		};
		CBFC2F5F20A2E41900B2C391 /* JTools */ = {
			isa = PBXGroup;
			children = (
				CBFC2F6020A2E41900B2C391 /* JPushTool */,
				CBFC2F6620A2E41900B2C391 /* JShareTool */,
			);
			path = JTools;
			sourceTree = "<group>";
		};
		CBFC2F6020A2E41900B2C391 /* JPushTool */ = {
			isa = PBXGroup;
			children = (
				CBFC2F6120A2E41900B2C391 /* AppDelegate+JPush.h */,
				CBFC2F6220A2E41900B2C391 /* AppDelegate+JPush.m */,
				CBFC2F6320A2E41900B2C391 /* JPushConst.h */,
				CBFC2F6420A2E41900B2C391 /* JPushTool.h */,
				CBFC2F6520A2E41900B2C391 /* JPushTool.m */,
			);
			path = JPushTool;
			sourceTree = "<group>";
		};
		CBFC2F6620A2E41900B2C391 /* JShareTool */ = {
			isa = PBXGroup;
			children = (
				CBFC2F6820A2E41900B2C391 /* JShareImages */,
				CBFC2F6720A2E41900B2C391 /* JShareConst.h */,
				CBFC2F7B20A2E41900B2C391 /* JShareTool.h */,
				CBFC2F7C20A2E41900B2C391 /* JShareTool.m */,
				CBFC2F7D20A2E41900B2C391 /* ShareView.h */,
				CBFC2F7E20A2E41900B2C391 /* ShareView.m */,
			);
			path = JShareTool;
			sourceTree = "<group>";
		};
		CBFC2F6820A2E41900B2C391 /* JShareImages */ = {
			isa = PBXGroup;
			children = (
				CBFC2F6920A2E41900B2C391 /* JShare_facebook@2x.png */,
				CBFC2F6A20A2E41900B2C391 /* JShare_facebook@3x.png */,
				CBFC2F6B20A2E41900B2C391 /* JShare_messenger@2x.png */,
				CBFC2F6C20A2E41900B2C391 /* JShare_messenger@3x.png */,
				CBFC2F6D20A2E41900B2C391 /* JShare_qq@2x.png */,
				CBFC2F6E20A2E41900B2C391 /* JShare_qq@3x.png */,
				CBFC2F6F20A2E41900B2C391 /* JShare_qzone@2x.png */,
				CBFC2F7020A2E41900B2C391 /* JShare_qzone@3x.png */,
				CBFC2F7120A2E41900B2C391 /* JShare_twitter@2x.png */,
				CBFC2F7220A2E41900B2C391 /* JShare_twitter@3x.png */,
				CBFC2F7320A2E41900B2C391 /* JShare_wechat@2x.png */,
				CBFC2F7420A2E41900B2C391 /* JShare_wechat@3x.png */,
				CBFC2F7520A2E41900B2C391 /* JShare_wechat_fav@2x.png */,
				CBFC2F7620A2E41900B2C391 /* JShare_wechat_fav@3x.png */,
				CBFC2F7720A2E41900B2C391 /* JShare_wechat_moment@2x.png */,
				CBFC2F7820A2E41900B2C391 /* JShare_wechat_moment@3x.png */,
				CBFC2F7920A2E41900B2C391 /* JShare_weibo@2x.png */,
				CBFC2F7A20A2E41900B2C391 /* JShare_weibo@3x.png */,
			);
			path = JShareImages;
			sourceTree = "<group>";
		};
		CBFC2FCC20A9853500B2C391 /* Category */ = {
			isa = PBXGroup;
			children = (
				CB33E27120AE7A8D00CEF3C1 /* HUD_Category */,
				0EC15621213E813A00B40A73 /* NSString+Empty.h */,
				0EC15624213E813A00B40A73 /* NSString+Empty.m */,
				0EC15620213E813A00B40A73 /* NSString+RegexCategory.h */,
				0EC15622213E813A00B40A73 /* NSString+RegexCategory.m */,
				0EC15625213E813A00B40A73 /* NSString+UrlParameter.h */,
				0EC15627213E813B00B40A73 /* NSString+UrlParameter.m */,
				0EC15623213E813A00B40A73 /* UIColor+HexColor.h */,
				0EC15628213E813B00B40A73 /* UIColor+HexColor.m */,
				0EC15629213E813B00B40A73 /* UIImage+DHXRadius.h */,
				0EC15626213E813B00B40A73 /* UIImage+DHXRadius.m */,
			);
			path = Category;
			sourceTree = "<group>";
		};
/* End PBXGroup section */

/* Begin PBXNativeTarget section */
		BFAC62B220A1D1FB002E05B5 /* WXUniversalTools */ = {
			isa = PBXNativeTarget;
			buildConfigurationList = BFAC62DF20A1D1FB002E05B5 /* Build configuration list for PBXNativeTarget "WXUniversalTools" */;
			buildPhases = (
				3A38134664949339DE5A6AC3 /* [CP] Check Pods Manifest.lock */,
				BFAC62AF20A1D1FB002E05B5 /* Sources */,
				BFAC62B020A1D1FB002E05B5 /* Frameworks */,
				BFAC62B120A1D1FB002E05B5 /* Resources */,
				A9AA2B203AB66FAA4FA84E87 /* [CP] Copy Pods Resources */,
			);
			buildRules = (
			);
			dependencies = (
			);
			name = WXUniversalTools;
			productName = WXUniversalTools;
			productReference = BFAC62B320A1D1FB002E05B5 /* WXUniversalTools.app */;
			productType = "com.apple.product-type.application";
		};
		BFAC62CA20A1D1FB002E05B5 /* WXUniversalToolsTests */ = {
			isa = PBXNativeTarget;
			buildConfigurationList = BFAC62E220A1D1FB002E05B5 /* Build configuration list for PBXNativeTarget "WXUniversalToolsTests" */;
			buildPhases = (
				BFAC62C720A1D1FB002E05B5 /* Sources */,
				BFAC62C820A1D1FB002E05B5 /* Frameworks */,
				BFAC62C920A1D1FB002E05B5 /* Resources */,
			);
			buildRules = (
			);
			dependencies = (
				BFAC62CD20A1D1FB002E05B5 /* PBXTargetDependency */,
			);
			name = WXUniversalToolsTests;
			productName = WXUniversalToolsTests;
			productReference = BFAC62CB20A1D1FB002E05B5 /* WXUniversalToolsTests.xctest */;
			productType = "com.apple.product-type.bundle.unit-test";
		};
		BFAC62D520A1D1FB002E05B5 /* WXUniversalToolsUITests */ = {
			isa = PBXNativeTarget;
			buildConfigurationList = BFAC62E520A1D1FB002E05B5 /* Build configuration list for PBXNativeTarget "WXUniversalToolsUITests" */;
			buildPhases = (
				BFAC62D220A1D1FB002E05B5 /* Sources */,
				BFAC62D320A1D1FB002E05B5 /* Frameworks */,
				BFAC62D420A1D1FB002E05B5 /* Resources */,
			);
			buildRules = (
			);
			dependencies = (
				BFAC62D820A1D1FB002E05B5 /* PBXTargetDependency */,
			);
			name = WXUniversalToolsUITests;
			productName = WXUniversalToolsUITests;
			productReference = BFAC62D620A1D1FB002E05B5 /* WXUniversalToolsUITests.xctest */;
			productType = "com.apple.product-type.bundle.ui-testing";
		};
/* End PBXNativeTarget section */

/* Begin PBXProject section */
		BFAC62AB20A1D1FB002E05B5 /* Project object */ = {
			isa = PBXProject;
			attributes = {
				LastUpgradeCheck = 0900;
				ORGANIZATIONNAME = MrDu;
				TargetAttributes = {
					BFAC62B220A1D1FB002E05B5 = {
						CreatedOnToolsVersion = 9.0;
						ProvisioningStyle = Automatic;
					};
					BFAC62CA20A1D1FB002E05B5 = {
						CreatedOnToolsVersion = 9.0;
						ProvisioningStyle = Automatic;
						TestTargetID = BFAC62B220A1D1FB002E05B5;
					};
					BFAC62D520A1D1FB002E05B5 = {
						CreatedOnToolsVersion = 9.0;
						ProvisioningStyle = Automatic;
						TestTargetID = BFAC62B220A1D1FB002E05B5;
					};
				};
			};
			buildConfigurationList = BFAC62AE20A1D1FB002E05B5 /* Build configuration list for PBXProject "WXUniversalTools" */;
			compatibilityVersion = "Xcode 8.0";
			developmentRegion = en;
			hasScannedForEncodings = 0;
			knownRegions = (
				en,
				Base,
			);
			mainGroup = BFAC62AA20A1D1FB002E05B5;
			productRefGroup = BFAC62B420A1D1FB002E05B5 /* Products */;
			projectDirPath = "";
			projectRoot = "";
			targets = (
				BFAC62B220A1D1FB002E05B5 /* WXUniversalTools */,
				BFAC62CA20A1D1FB002E05B5 /* WXUniversalToolsTests */,
				BFAC62D520A1D1FB002E05B5 /* WXUniversalToolsUITests */,
			);
		};
/* End PBXProject section */

/* Begin PBXResourcesBuildPhase section */
		BFAC62B120A1D1FB002E05B5 /* Resources */ = {
			isa = PBXResourcesBuildPhase;
			buildActionMask = 2147483647;
			files = (
				CBFC2F8820A2E41A00B2C391 /* JShare_qzone@3x.png in Resources */,
				BFAC62C320A1D1FB002E05B5 /* LaunchScreen.storyboard in Resources */,
				CB33E27B20AE7A8D00CEF3C1 /* HUD_JW_error@2x.png in Resources */,
				CB33E27F20AE7A8D00CEF3C1 /* HUD_JW_success@2x.png in Resources */,
				CB33E27D20AE7A8D00CEF3C1 /* HUD_JW_info@2x.png in Resources */,
				CBFC2F8220A2E41A00B2C391 /* JShare_facebook@3x.png in Resources */,
				CBFC2F8E20A2E41A00B2C391 /* JShare_wechat_fav@3x.png in Resources */,
				CBFC2F9020A2E41A00B2C391 /* JShare_wechat_moment@3x.png in Resources */,
				CBFC2F9220A2E41A00B2C391 /* JShare_weibo@3x.png in Resources */,
				CBFC2F8120A2E41A00B2C391 /* JShare_facebook@2x.png in Resources */,
				CB33E27E20AE7A8D00CEF3C1 /* HUD_JW_info@3x.png in Resources */,
				CB33E28020AE7A8D00CEF3C1 /* HUD_JW_success@3x.png in Resources */,
				CBFC2F9120A2E41A00B2C391 /* JShare_weibo@2x.png in Resources */,
				CBFC2F8520A2E41A00B2C391 /* JShare_qq@2x.png in Resources */,
				CBFC2F8B20A2E41A00B2C391 /* JShare_wechat@2x.png in Resources */,
				CBFC2F8420A2E41A00B2C391 /* JShare_messenger@3x.png in Resources */,
				CBFC2F8620A2E41A00B2C391 /* JShare_qq@3x.png in Resources */,
				BFAC62C020A1D1FB002E05B5 /* Assets.xcassets in Resources */,
				CBFC2F8D20A2E41A00B2C391 /* JShare_wechat_fav@2x.png in Resources */,
				BFAC62BE20A1D1FB002E05B5 /* Main.storyboard in Resources */,
				CBFC2F8920A2E41A00B2C391 /* JShare_twitter@2x.png in Resources */,
				CBFC2F8320A2E41A00B2C391 /* JShare_messenger@2x.png in Resources */,
				CBFC2F8720A2E41A00B2C391 /* JShare_qzone@2x.png in Resources */,
				CBFC2F8F20A2E41A00B2C391 /* JShare_wechat_moment@2x.png in Resources */,
				CB33E27C20AE7A8D00CEF3C1 /* HUD_JW_error@3x.png in Resources */,
				CBFC2F8C20A2E41A00B2C391 /* JShare_wechat@3x.png in Resources */,
				CBFC2F8A20A2E41A00B2C391 /* JShare_twitter@3x.png in Resources */,
			);
			runOnlyForDeploymentPostprocessing = 0;
		};
		BFAC62C920A1D1FB002E05B5 /* Resources */ = {
			isa = PBXResourcesBuildPhase;
			buildActionMask = 2147483647;
			files = (
			);
			runOnlyForDeploymentPostprocessing = 0;
		};
		BFAC62D420A1D1FB002E05B5 /* Resources */ = {
			isa = PBXResourcesBuildPhase;
			buildActionMask = 2147483647;
			files = (
			);
			runOnlyForDeploymentPostprocessing = 0;
		};
/* End PBXResourcesBuildPhase section */

/* Begin PBXShellScriptBuildPhase section */
		3A38134664949339DE5A6AC3 /* [CP] Check Pods Manifest.lock */ = {
			isa = PBXShellScriptBuildPhase;
			buildActionMask = 2147483647;
			files = (
			);
			inputPaths = (
				"${PODS_PODFILE_DIR_PATH}/Podfile.lock",
				"${PODS_ROOT}/Manifest.lock",
			);
			name = "[CP] Check Pods Manifest.lock";
			outputPaths = (
				"$(DERIVED_FILE_DIR)/Pods-WXUniversalTools-checkManifestLockResult.txt",
			);
			runOnlyForDeploymentPostprocessing = 0;
			shellPath = /bin/sh;
			shellScript = "diff \"${PODS_PODFILE_DIR_PATH}/Podfile.lock\" \"${PODS_ROOT}/Manifest.lock\" > /dev/null\nif [ $? != 0 ] ; then\n    # print error to STDERR\n    echo \"error: The sandbox is not in sync with the Podfile.lock. Run 'pod install' or update your CocoaPods installation.\" >&2\n    exit 1\nfi\n# This output is used by Xcode 'outputs' to avoid re-running this script phase.\necho \"SUCCESS\" > \"${SCRIPT_OUTPUT_FILE_0}\"\n";
			showEnvVarsInLog = 0;
		};
		A9AA2B203AB66FAA4FA84E87 /* [CP] Copy Pods Resources */ = {
			isa = PBXShellScriptBuildPhase;
			buildActionMask = 2147483647;
			files = (
			);
			inputPaths = (
				"${SRCROOT}/Pods/Target Support Files/Pods-WXUniversalTools/Pods-WXUniversalTools-resources.sh",
				"${PODS_ROOT}/MJRefresh/MJRefresh/MJRefresh.bundle",
			);
			name = "[CP] Copy Pods Resources";
			outputPaths = (
				"${TARGET_BUILD_DIR}/${UNLOCALIZED_RESOURCES_FOLDER_PATH}/MJRefresh.bundle",
			);
			runOnlyForDeploymentPostprocessing = 0;
			shellPath = /bin/sh;
			shellScript = "\"${SRCROOT}/Pods/Target Support Files/Pods-WXUniversalTools/Pods-WXUniversalTools-resources.sh\"\n";
			showEnvVarsInLog = 0;
		};
/* End PBXShellScriptBuildPhase section */

/* Begin PBXSourcesBuildPhase section */
		BFAC62AF20A1D1FB002E05B5 /* Sources */ = {
			isa = PBXSourcesBuildPhase;
			buildActionMask = 2147483647;
			files = (
				0EC1561F213E7FD200B40A73 /* WXCommonTool.m in Sources */,
				0EC1562D213E813B00B40A73 /* NSString+UrlParameter.m in Sources */,
				BFAC62BB20A1D1FB002E05B5 /* ViewController.m in Sources */,
				0ECA3D24216B76180000A940 /* WXUIManager.m in Sources */,
				0EC1562B213E813B00B40A73 /* NSString+Empty.m in Sources */,
				BFAC62C620A1D1FB002E05B5 /* main.m in Sources */,
				CBFC2F9320A2E41A00B2C391 /* JShareTool.m in Sources */,
				CBFC2F9420A2E41A00B2C391 /* ShareView.m in Sources */,
				BFAC62B820A1D1FB002E05B5 /* AppDelegate.m in Sources */,
				0EC1562E213E813B00B40A73 /* UIColor+HexColor.m in Sources */,
				CBFC2F8020A2E41A00B2C391 /* JPushTool.m in Sources */,
				CBFC2F7F20A2E41A00B2C391 /* AppDelegate+JPush.m in Sources */,
				CB33E28120AE7A8D00CEF3C1 /* MBProgressHUD+JW.m in Sources */,
				0EC1562C213E813B00B40A73 /* UIImage+DHXRadius.m in Sources */,
				0EC1562A213E813B00B40A73 /* NSString+RegexCategory.m in Sources */,
			);
			runOnlyForDeploymentPostprocessing = 0;
		};
		BFAC62C720A1D1FB002E05B5 /* Sources */ = {
			isa = PBXSourcesBuildPhase;
			buildActionMask = 2147483647;
			files = (
				BFAC62D020A1D1FB002E05B5 /* WXUniversalToolsTests.m in Sources */,
				0EBF3267213641DB0074B1FA /* WXStringToolTests.m in Sources */,
			);
			runOnlyForDeploymentPostprocessing = 0;
		};
		BFAC62D220A1D1FB002E05B5 /* Sources */ = {
			isa = PBXSourcesBuildPhase;
			buildActionMask = 2147483647;
			files = (
				BFAC62DB20A1D1FB002E05B5 /* WXUniversalToolsUITests.m in Sources */,
			);
			runOnlyForDeploymentPostprocessing = 0;
		};
/* End PBXSourcesBuildPhase section */

/* Begin PBXTargetDependency section */
		BFAC62CD20A1D1FB002E05B5 /* PBXTargetDependency */ = {
			isa = PBXTargetDependency;
			target = BFAC62B220A1D1FB002E05B5 /* WXUniversalTools */;
			targetProxy = BFAC62CC20A1D1FB002E05B5 /* PBXContainerItemProxy */;
		};
		BFAC62D820A1D1FB002E05B5 /* PBXTargetDependency */ = {
			isa = PBXTargetDependency;
			target = BFAC62B220A1D1FB002E05B5 /* WXUniversalTools */;
			targetProxy = BFAC62D720A1D1FB002E05B5 /* PBXContainerItemProxy */;
		};
/* End PBXTargetDependency section */

/* Begin PBXVariantGroup section */
		BFAC62BC20A1D1FB002E05B5 /* Main.storyboard */ = {
			isa = PBXVariantGroup;
			children = (
				BFAC62BD20A1D1FB002E05B5 /* Base */,
			);
			name = Main.storyboard;
			sourceTree = "<group>";
		};
		BFAC62C120A1D1FB002E05B5 /* LaunchScreen.storyboard */ = {
			isa = PBXVariantGroup;
			children = (
				BFAC62C220A1D1FB002E05B5 /* Base */,
			);
			name = LaunchScreen.storyboard;
			sourceTree = "<group>";
		};
/* End PBXVariantGroup section */

/* Begin XCBuildConfiguration section */
		BFAC62DD20A1D1FB002E05B5 /* Debug */ = {
			isa = XCBuildConfiguration;
			buildSettings = {
				ALWAYS_SEARCH_USER_PATHS = NO;
				CLANG_ANALYZER_NONNULL = YES;
				CLANG_ANALYZER_NUMBER_OBJECT_CONVERSION = YES_AGGRESSIVE;
				CLANG_CXX_LANGUAGE_STANDARD = "gnu++14";
				CLANG_CXX_LIBRARY = "libc++";
				CLANG_ENABLE_MODULES = YES;
				CLANG_ENABLE_OBJC_ARC = YES;
				CLANG_WARN_BLOCK_CAPTURE_AUTORELEASING = YES;
				CLANG_WARN_BOOL_CONVERSION = YES;
				CLANG_WARN_COMMA = YES;
				CLANG_WARN_CONSTANT_CONVERSION = YES;
				CLANG_WARN_DIRECT_OBJC_ISA_USAGE = YES_ERROR;
				CLANG_WARN_DOCUMENTATION_COMMENTS = YES;
				CLANG_WARN_EMPTY_BODY = YES;
				CLANG_WARN_ENUM_CONVERSION = YES;
				CLANG_WARN_INFINITE_RECURSION = YES;
				CLANG_WARN_INT_CONVERSION = YES;
				CLANG_WARN_NON_LITERAL_NULL_CONVERSION = YES;
				CLANG_WARN_OBJC_LITERAL_CONVERSION = YES;
				CLANG_WARN_OBJC_ROOT_CLASS = YES_ERROR;
				CLANG_WARN_RANGE_LOOP_ANALYSIS = YES;
				CLANG_WARN_STRICT_PROTOTYPES = YES;
				CLANG_WARN_SUSPICIOUS_MOVE = YES;
				CLANG_WARN_UNGUARDED_AVAILABILITY = YES_AGGRESSIVE;
				CLANG_WARN_UNREACHABLE_CODE = YES;
				CLANG_WARN__DUPLICATE_METHOD_MATCH = YES;
				CODE_SIGN_IDENTITY = "iPhone Developer";
				COPY_PHASE_STRIP = NO;
				DEBUG_INFORMATION_FORMAT = dwarf;
				ENABLE_STRICT_OBJC_MSGSEND = YES;
				ENABLE_TESTABILITY = YES;
				GCC_C_LANGUAGE_STANDARD = gnu11;
				GCC_DYNAMIC_NO_PIC = NO;
				GCC_NO_COMMON_BLOCKS = YES;
				GCC_OPTIMIZATION_LEVEL = 0;
				GCC_PREPROCESSOR_DEFINITIONS = (
					"DEBUG=1",
					"$(inherited)",
				);
				GCC_WARN_64_TO_32_BIT_CONVERSION = YES;
				GCC_WARN_ABOUT_RETURN_TYPE = YES_ERROR;
				GCC_WARN_UNDECLARED_SELECTOR = YES;
				GCC_WARN_UNINITIALIZED_AUTOS = YES_AGGRESSIVE;
				GCC_WARN_UNUSED_FUNCTION = YES;
				GCC_WARN_UNUSED_VARIABLE = YES;
				IPHONEOS_DEPLOYMENT_TARGET = 11.0;
				MTL_ENABLE_DEBUG_INFO = YES;
				ONLY_ACTIVE_ARCH = YES;
				SDKROOT = iphoneos;
			};
			name = Debug;
		};
		BFAC62DE20A1D1FB002E05B5 /* Release */ = {
			isa = XCBuildConfiguration;
			buildSettings = {
				ALWAYS_SEARCH_USER_PATHS = NO;
				CLANG_ANALYZER_NONNULL = YES;
				CLANG_ANALYZER_NUMBER_OBJECT_CONVERSION = YES_AGGRESSIVE;
				CLANG_CXX_LANGUAGE_STANDARD = "gnu++14";
				CLANG_CXX_LIBRARY = "libc++";
				CLANG_ENABLE_MODULES = YES;
				CLANG_ENABLE_OBJC_ARC = YES;
				CLANG_WARN_BLOCK_CAPTURE_AUTORELEASING = YES;
				CLANG_WARN_BOOL_CONVERSION = YES;
				CLANG_WARN_COMMA = YES;
				CLANG_WARN_CONSTANT_CONVERSION = YES;
				CLANG_WARN_DIRECT_OBJC_ISA_USAGE = YES_ERROR;
				CLANG_WARN_DOCUMENTATION_COMMENTS = YES;
				CLANG_WARN_EMPTY_BODY = YES;
				CLANG_WARN_ENUM_CONVERSION = YES;
				CLANG_WARN_INFINITE_RECURSION = YES;
				CLANG_WARN_INT_CONVERSION = YES;
				CLANG_WARN_NON_LITERAL_NULL_CONVERSION = YES;
				CLANG_WARN_OBJC_LITERAL_CONVERSION = YES;
				CLANG_WARN_OBJC_ROOT_CLASS = YES_ERROR;
				CLANG_WARN_RANGE_LOOP_ANALYSIS = YES;
				CLANG_WARN_STRICT_PROTOTYPES = YES;
				CLANG_WARN_SUSPICIOUS_MOVE = YES;
				CLANG_WARN_UNGUARDED_AVAILABILITY = YES_AGGRESSIVE;
				CLANG_WARN_UNREACHABLE_CODE = YES;
				CLANG_WARN__DUPLICATE_METHOD_MATCH = YES;
				CODE_SIGN_IDENTITY = "iPhone Developer";
				COPY_PHASE_STRIP = NO;
				DEBUG_INFORMATION_FORMAT = "dwarf-with-dsym";
				ENABLE_NS_ASSERTIONS = NO;
				ENABLE_STRICT_OBJC_MSGSEND = YES;
				GCC_C_LANGUAGE_STANDARD = gnu11;
				GCC_NO_COMMON_BLOCKS = YES;
				GCC_WARN_64_TO_32_BIT_CONVERSION = YES;
				GCC_WARN_ABOUT_RETURN_TYPE = YES_ERROR;
				GCC_WARN_UNDECLARED_SELECTOR = YES;
				GCC_WARN_UNINITIALIZED_AUTOS = YES_AGGRESSIVE;
				GCC_WARN_UNUSED_FUNCTION = YES;
				GCC_WARN_UNUSED_VARIABLE = YES;
				IPHONEOS_DEPLOYMENT_TARGET = 11.0;
				MTL_ENABLE_DEBUG_INFO = NO;
				SDKROOT = iphoneos;
				VALIDATE_PRODUCT = YES;
			};
			name = Release;
		};
		BFAC62E020A1D1FB002E05B5 /* Debug */ = {
			isa = XCBuildConfiguration;
			baseConfigurationReference = 1788DBD0833E73E9DB93F235 /* Pods-WXUniversalTools.debug.xcconfig */;
			buildSettings = {
				ASSETCATALOG_COMPILER_APPICON_NAME = AppIcon;
				CODE_SIGN_STYLE = Automatic;
				DEVELOPMENT_TEAM = 52QN5DMYGA;
				INFOPLIST_FILE = WXUniversalTools/Info.plist;
				IPHONEOS_DEPLOYMENT_TARGET = 8.0;
				LD_RUNPATH_SEARCH_PATHS = "$(inherited) @executable_path/Frameworks";
				PRODUCT_BUNDLE_IDENTIFIER = com.wuxing.WXUniversalTools;
				PRODUCT_NAME = "$(TARGET_NAME)";
				TARGETED_DEVICE_FAMILY = "1,2";
			};
			name = Debug;
		};
		BFAC62E120A1D1FB002E05B5 /* Release */ = {
			isa = XCBuildConfiguration;
			baseConfigurationReference = C5ECBA690A69FC2CFC53DF0F /* Pods-WXUniversalTools.release.xcconfig */;
			buildSettings = {
				ASSETCATALOG_COMPILER_APPICON_NAME = AppIcon;
				CODE_SIGN_STYLE = Automatic;
				DEVELOPMENT_TEAM = 52QN5DMYGA;
				INFOPLIST_FILE = WXUniversalTools/Info.plist;
				IPHONEOS_DEPLOYMENT_TARGET = 8.0;
				LD_RUNPATH_SEARCH_PATHS = "$(inherited) @executable_path/Frameworks";
				PRODUCT_BUNDLE_IDENTIFIER = com.wuxing.WXUniversalTools;
				PRODUCT_NAME = "$(TARGET_NAME)";
				TARGETED_DEVICE_FAMILY = "1,2";
			};
			name = Release;
		};
		BFAC62E320A1D1FB002E05B5 /* Debug */ = {
			isa = XCBuildConfiguration;
			buildSettings = {
				BUNDLE_LOADER = "$(TEST_HOST)";
				CODE_SIGN_STYLE = Automatic;
				DEVELOPMENT_TEAM = 52QN5DMYGA;
				INFOPLIST_FILE = WXUniversalToolsTests/Info.plist;
				LD_RUNPATH_SEARCH_PATHS = "$(inherited) @executable_path/Frameworks @loader_path/Frameworks";
				PRODUCT_BUNDLE_IDENTIFIER = com.wuxing.WXUniversalToolsTests;
				PRODUCT_NAME = "$(TARGET_NAME)";
				TARGETED_DEVICE_FAMILY = "1,2";
				TEST_HOST = "$(BUILT_PRODUCTS_DIR)/WXUniversalTools.app/WXUniversalTools";
			};
			name = Debug;
		};
		BFAC62E420A1D1FB002E05B5 /* Release */ = {
			isa = XCBuildConfiguration;
			buildSettings = {
				BUNDLE_LOADER = "$(TEST_HOST)";
				CODE_SIGN_STYLE = Automatic;
				DEVELOPMENT_TEAM = 52QN5DMYGA;
				INFOPLIST_FILE = WXUniversalToolsTests/Info.plist;
				LD_RUNPATH_SEARCH_PATHS = "$(inherited) @executable_path/Frameworks @loader_path/Frameworks";
				PRODUCT_BUNDLE_IDENTIFIER = com.wuxing.WXUniversalToolsTests;
				PRODUCT_NAME = "$(TARGET_NAME)";
				TARGETED_DEVICE_FAMILY = "1,2";
				TEST_HOST = "$(BUILT_PRODUCTS_DIR)/WXUniversalTools.app/WXUniversalTools";
			};
			name = Release;
		};
		BFAC62E620A1D1FB002E05B5 /* Debug */ = {
			isa = XCBuildConfiguration;
			buildSettings = {
				CODE_SIGN_STYLE = Automatic;
				DEVELOPMENT_TEAM = 52QN5DMYGA;
				INFOPLIST_FILE = WXUniversalToolsUITests/Info.plist;
				LD_RUNPATH_SEARCH_PATHS = "$(inherited) @executable_path/Frameworks @loader_path/Frameworks";
				PRODUCT_BUNDLE_IDENTIFIER = com.wuxing.WXUniversalToolsUITests;
				PRODUCT_NAME = "$(TARGET_NAME)";
				TARGETED_DEVICE_FAMILY = "1,2";
				TEST_TARGET_NAME = WXUniversalTools;
			};
			name = Debug;
		};
		BFAC62E720A1D1FB002E05B5 /* Release */ = {
			isa = XCBuildConfiguration;
			buildSettings = {
				CODE_SIGN_STYLE = Automatic;
				DEVELOPMENT_TEAM = 52QN5DMYGA;
				INFOPLIST_FILE = WXUniversalToolsUITests/Info.plist;
				LD_RUNPATH_SEARCH_PATHS = "$(inherited) @executable_path/Frameworks @loader_path/Frameworks";
				PRODUCT_BUNDLE_IDENTIFIER = com.wuxing.WXUniversalToolsUITests;
				PRODUCT_NAME = "$(TARGET_NAME)";
				TARGETED_DEVICE_FAMILY = "1,2";
				TEST_TARGET_NAME = WXUniversalTools;
			};
			name = Release;
		};
/* End XCBuildConfiguration section */

/* Begin XCConfigurationList section */
		BFAC62AE20A1D1FB002E05B5 /* Build configuration list for PBXProject "WXUniversalTools" */ = {
			isa = XCConfigurationList;
			buildConfigurations = (
				BFAC62DD20A1D1FB002E05B5 /* Debug */,
				BFAC62DE20A1D1FB002E05B5 /* Release */,
			);
			defaultConfigurationIsVisible = 0;
			defaultConfigurationName = Release;
		};
		BFAC62DF20A1D1FB002E05B5 /* Build configuration list for PBXNativeTarget "WXUniversalTools" */ = {
			isa = XCConfigurationList;
			buildConfigurations = (
				BFAC62E020A1D1FB002E05B5 /* Debug */,
				BFAC62E120A1D1FB002E05B5 /* Release */,
			);
			defaultConfigurationIsVisible = 0;
			defaultConfigurationName = Release;
		};
		BFAC62E220A1D1FB002E05B5 /* Build configuration list for PBXNativeTarget "WXUniversalToolsTests" */ = {
			isa = XCConfigurationList;
			buildConfigurations = (
				BFAC62E320A1D1FB002E05B5 /* Debug */,
				BFAC62E420A1D1FB002E05B5 /* Release */,
			);
			defaultConfigurationIsVisible = 0;
			defaultConfigurationName = Release;
		};
		BFAC62E520A1D1FB002E05B5 /* Build configuration list for PBXNativeTarget "WXUniversalToolsUITests" */ = {
			isa = XCConfigurationList;
			buildConfigurations = (
				BFAC62E620A1D1FB002E05B5 /* Debug */,
				BFAC62E720A1D1FB002E05B5 /* Release */,
			);
			defaultConfigurationIsVisible = 0;
			defaultConfigurationName = Release;
		};
/* End XCConfigurationList section */
	};
	rootObject = BFAC62AB20A1D1FB002E05B5 /* Project object */;
}
