PODS:
  - AFNetworking (3.2.0):
    - AFNetworking/NSURLSession (= 3.2.0)
    - AFNetworking/Reachability (= 3.2.0)
    - AFNetworking/Security (= 3.2.0)
    - AFNetworking/Serialization (= 3.2.0)
    - AFNetworking/UIKit (= 3.2.0)
  - AFNetworking/NSURLSession (3.2.0):
    - AFNetworking/Reachability
    - AFNetworking/Security
    - AFNetworking/Serialization
  - AFNetworking/Reachability (3.2.0)
  - AFNetworking/Security (3.2.0)
  - AFNetworking/Serialization (3.2.0)
  - AFNetworking/UIKit (3.2.0):
    - AFNetworking/NSURLSession
  - DZNEmptyDataSet (1.8.1)
  - JCore (1.1.9)
  - JPush (3.0.9):
    - JCore (~> 1.1.7)
  - JShare (1.5.0):
    - JCore (~> 1.1.7)
  - MBProgressHUD (1.1.0)
  - MJExtension (3.0.13)
  - MJRefresh (3.1.15.3)
  - SDWebImage (4.3.3):
    - SDWebImage/Core (= 4.3.3)
  - SDWebImage/Core (4.3.3)

DEPENDENCIES:
  - AFNetworking
  - DZNEmptyDataSet
  - JPush
  - JShare
  - MBProgressHUD
  - MJExtension
  - MJRefresh
  - SDWebImage

SPEC CHECKSUMS:
  AFNetworking: 8ac6017b94ea105479f7776e5288e48ae9c59bb4
  DZNEmptyDataSet: 9525833b9e68ac21c30253e1d3d7076cc828eaa7
  JCore: 27598485098d0db99d2812cba048003457d08cfb
  JPush: 003d9eaef8ba2df76de32573d0c8aa62b92b3c82
  JShare: 8a13dc4d5ae987f69af1ea9876b94c3c9c40c6cd
  MBProgressHUD: e7baa36a220447d8aeb12769bf0585582f3866d9
  MJExtension: 5932755f451458eefa24239358817f8d291240c7
  MJRefresh: b48380ae2b927b46c4ef000de9adb8dc748e1df7
  SDWebImage: de4d90b5bff3571eae7bd16202b1f43135409fa5

PODFILE CHECKSUM: 8a80d40ec71ce495f6c36ced5ebf69c5a49195c8

COCOAPODS: 1.4.0
